PODS:
  - Alamofire (5.5.0)
  - AMap3DMap (9.1.0):
    - AMapFoundation (~> 1.6.9)
  - AMapFoundation (1.6.9)
  - AMapLocation (2.8.0):
    - AMapFoundation (~> 1.6.9)
  - AMapSearch (8.1.0):
    - AMapFoundation (~> 1.6.9)
  - Bugly (2.5.91)
  - CocoaAsyncSocket (7.6.5)
  - CryptoSwift (1.4.3)
  - HTTPParserC (2.9.4)
  - JXPhotoBrowser (3.1.3)
  - KTVCocoaHTTPServer (1.0.0):
    - CocoaAsyncSocket
  - KTVHTTPCache (2.0.1):
    - KTVCocoaHTTPServer
  - libwebp (1.2.1):
    - libwebp/demux (= 1.2.1)
    - libwebp/mux (= 1.2.1)
    - libwebp/webp (= 1.2.1)
  - libwebp/demux (1.2.1):
    - libwebp/webp
  - libwebp/mux (1.2.1):
    - libwebp/demux
  - libwebp/webp (1.2.1)
  - MJRefresh (3.7.5)
  - NZoth (0.1.0):
    - NZoth/Core (= 0.1.0)
    - NZoth/Resources (= 0.1.0)
  - NZoth/Core (0.1.0):
    - Alamofire (~> 5.4)
    - CryptoSwift (~> 1.4.1)
    - JXPhotoBrowser (~> 3.0)
    - KTVHTTPCache (~> 2.0.0)
    - MJRefresh
    - PureLayout
    - SDWebImage (~> 5.0)
    - SDWebImageWebPCoder
    - SQLite.swift (~> 0.13.2)
    - Telegraph
    - Zip (~> 2.1)
    - ZLPhotoBrowser
  - NZoth/Map (0.1.0):
    - AMap3DMap
    - AMapLocation
    - AMapSearch
  - NZoth/Resources (0.1.0)
  - PureLayout (3.1.9)
  - SDWebImage (5.12.5):
    - SDWebImage/Core (= 5.12.5)
  - SDWebImage/Core (5.12.5)
  - SDWebImageWebPCoder (0.8.4):
    - libwebp (~> 1.0)
    - SDWebImage/Core (~> 5.10)
  - SQLite.swift (0.13.3):
    - SQLite.swift/standard (= 0.13.3)
  - SQLite.swift/standard (0.13.3)
  - Telegraph (0.29):
    - CocoaAsyncSocket (~> 7.6)
    - HTTPParserC (~> 2.9)
  - Zip (2.1.2)
  - ZLPhotoBrowser (4.2.5):
    - ZLPhotoBrowser/Core (= 4.2.5)
  - ZLPhotoBrowser/Core (4.2.5)

DEPENDENCIES:
  - Bugly
  - NZoth (from `../../../iOS`)
  - NZoth/Map (from `../../../iOS`)

SPEC REPOS:
  trunk:
    - Alamofire
    - AMap3DMap
    - AMapFoundation
    - AMapLocation
    - AMapSearch
    - Bugly
    - CocoaAsyncSocket
    - CryptoSwift
    - HTTPParserC
    - JXPhotoBrowser
    - KTVCocoaHTTPServer
    - KTVHTTPCache
    - libwebp
    - MJRefresh
    - PureLayout
    - SDWebImage
    - SDWebImageWebPCoder
    - SQLite.swift
    - Telegraph
    - Zip
    - ZLPhotoBrowser

EXTERNAL SOURCES:
  NZoth:
    :path: "../../../iOS"

SPEC CHECKSUMS:
  Alamofire: 1c4fb5369c3fe93d2857c780d8bbe09f06f97e7c
  AMap3DMap: a1ba024c96017912499330afdc3a7885acd083f8
  AMapFoundation: 8d8ecbb0b2e9ce5487995360d26c885d94642bfd
  AMapLocation: 5ef44a1117be7dc541cb7a7d43d03c5ee91e4387
  AMapSearch: 5c1cc07429f04b9cc76438fcb2411c66fdbbb178
  Bugly: afe841bba2ea6de6d432a3c125240a5e75949c55
  CocoaAsyncSocket: 065fd1e645c7abab64f7a6a2007a48038fdc6a99
  CryptoSwift: a0799ee936271bd2253a006f1e4523df21845000
  HTTPParserC: aea14c3d2d4ac5beb3988781daa36dfa62e0d9ef
  JXPhotoBrowser: d32e94e1226d43bf5ed83164e3f5b651fed625e0
  KTVCocoaHTTPServer: df8d7b861e603ff8037e9b2138aca2563a6b768d
  KTVHTTPCache: 588c3eb16f6bd1e6fde1e230dabfb7bd4e490a4d
  libwebp: 98a37e597e40bfdb4c911fc98f2c53d0b12d05fc
  MJRefresh: fdf5e979eb406a0341468932d1dfc8b7f9fce961
  NZoth: 9a30811119813a4fe58b851716ac3b55914f2796
  PureLayout: 5fb5e5429519627d60d079ccb1eaa7265ce7cf88
  SDWebImage: 0905f1b7760fc8ac4198cae0036600d67478751e
  SDWebImageWebPCoder: f93010f3f6c031e2f8fb3081ca4ee6966c539815
  SQLite.swift: 903bfa3bc9ab06345fdfbb578e34f47cfcf417da
  Telegraph: 0cae12d0c9efa5a33de08286c8a71d4c4d16a70c
  Zip: b3fef584b147b6e582b2256a9815c897d60ddc67
  ZLPhotoBrowser: 4bfab86b851042e18d7f413284472aa68759626a

PODFILE CHECKSUM: 2dcae5619955db8c56b10d0c488988b684043015

COCOAPODS: 1.11.2
