PODS:
  - Alamofire (5.6.1)
  - AMap3DMap (9.2.1):
    - AMapFoundation (~> 1.6.9)
  - AMapFoundation (1.6.9)
  - AMapLocation (2.8.0):
    - AMapFoundation (~> 1.6.9)
  - AMapSearch (9.2.0):
    - AMapFoundation (~> 1.6.9)
  - Bugly (2.5.91)
  - CocoaAsyncSocket (7.6.5)
  - CryptoSwift (1.4.3)
  - Evoker (0.1.3):
    - Evoker/Core (= 0.1.3)
    - Evoker/Resources (= 0.1.3)
  - Evoker/Core (0.1.3):
    - Alamofire (~> 5.4)
    - CryptoSwift (~> 1.4.1)
    - JXPhotoBrowser (~> 3.0)
    - KTVHTTPCache (~> 2.0.0)
    - MJRefresh
    - PureLayout
    - SDWebImage (~> 5.0)
    - SDWebImageWebPCoder
    - SQLite.swift (~> 0.13.2)
    - SwiftyRSA
    - Telegraph
    - Zip (~> 2.1)
    - ZLPhotoBrowser
  - Evoker/Map (0.1.3):
    - AMap3DMap
    - AMapLocation
    - AMapSearch
  - Evoker/Resources (0.1.3)
  - HTTPParserC (2.9.4)
  - JXPhotoBrowser (3.1.3)
  - KTVCocoaHTTPServer (1.0.0):
    - CocoaAsyncSocket
  - KTVHTTPCache (2.0.1):
    - KTVCocoaHTTPServer
  - libwebp (1.2.1):
    - libwebp/demux (= 1.2.1)
    - libwebp/mux (= 1.2.1)
    - libwebp/webp (= 1.2.1)
  - libwebp/demux (1.2.1):
    - libwebp/webp
  - libwebp/mux (1.2.1):
    - libwebp/demux
  - libwebp/webp (1.2.1)
  - MJRefresh (3.7.5)
  - PureLayout (3.1.9)
  - SDWebImage (5.12.6):
    - SDWebImage/Core (= 5.12.6)
  - SDWebImage/Core (5.12.6)
  - SDWebImageWebPCoder (0.8.4):
    - libwebp (~> 1.0)
    - SDWebImage/Core (~> 5.10)
  - SQLite.swift (0.13.3):
    - SQLite.swift/standard (= 0.13.3)
  - SQLite.swift/standard (0.13.3)
  - SwiftyRSA (1.7.0):
    - SwiftyRSA/ObjC (= 1.7.0)
  - SwiftyRSA/ObjC (1.7.0)
  - Telegraph (0.29):
    - CocoaAsyncSocket (~> 7.6)
    - HTTPParserC (~> 2.9)
  - Zip (2.1.2)
  - ZLPhotoBrowser (4.3.2):
    - ZLPhotoBrowser/Core (= 4.3.2)
  - ZLPhotoBrowser/Core (4.3.2)

DEPENDENCIES:
  - Bugly
  - Evoker (from `../../../iOS`)
  - Evoker/Map (from `../../../iOS`)

SPEC REPOS:
  trunk:
    - Alamofire
    - AMap3DMap
    - AMapFoundation
    - AMapLocation
    - AMapSearch
    - Bugly
    - CocoaAsyncSocket
    - CryptoSwift
    - HTTPParserC
    - JXPhotoBrowser
    - KTVCocoaHTTPServer
    - KTVHTTPCache
    - libwebp
    - MJRefresh
    - PureLayout
    - SDWebImage
    - SDWebImageWebPCoder
    - SQLite.swift
    - SwiftyRSA
    - Telegraph
    - Zip
    - ZLPhotoBrowser

EXTERNAL SOURCES:
  Evoker:
    :path: "../../../iOS"

SPEC CHECKSUMS:
  Alamofire: 87bd8c952f9a4454320fce00d9cc3de57bcadaf5
  AMap3DMap: 0de590972bfbe2852fe63109bc11b485d7d848fa
  AMapFoundation: 8d8ecbb0b2e9ce5487995360d26c885d94642bfd
  AMapLocation: 5ef44a1117be7dc541cb7a7d43d03c5ee91e4387
  AMapSearch: b461cdf25b39cdca8957017de2f376cd1ac5da85
  Bugly: afe841bba2ea6de6d432a3c125240a5e75949c55
  CocoaAsyncSocket: 065fd1e645c7abab64f7a6a2007a48038fdc6a99
  CryptoSwift: a0799ee936271bd2253a006f1e4523df21845000
  Evoker: 5662f105dc00abf3d6d7ee3326396e1fa834ca60
  HTTPParserC: aea14c3d2d4ac5beb3988781daa36dfa62e0d9ef
  JXPhotoBrowser: d32e94e1226d43bf5ed83164e3f5b651fed625e0
  KTVCocoaHTTPServer: df8d7b861e603ff8037e9b2138aca2563a6b768d
  KTVHTTPCache: 588c3eb16f6bd1e6fde1e230dabfb7bd4e490a4d
  libwebp: 98a37e597e40bfdb4c911fc98f2c53d0b12d05fc
  MJRefresh: fdf5e979eb406a0341468932d1dfc8b7f9fce961
  PureLayout: 5fb5e5429519627d60d079ccb1eaa7265ce7cf88
  SDWebImage: a47aea9e3d8816015db4e523daff50cfd294499d
  SDWebImageWebPCoder: f93010f3f6c031e2f8fb3081ca4ee6966c539815
  SQLite.swift: 903bfa3bc9ab06345fdfbb578e34f47cfcf417da
  SwiftyRSA: 8c6dd1ea7db1b8dc4fb517a202f88bb1354bc2c6
  Telegraph: 0cae12d0c9efa5a33de08286c8a71d4c4d16a70c
  Zip: b3fef584b147b6e582b2256a9815c897d60ddc67
  ZLPhotoBrowser: fbd03a797675cca8f7a85e0f539eef28eb742bf6

PODFILE CHECKSUM: 6986de5fad240b6a7713051d113e370a42e5b200

COCOAPODS: 1.11.2
